{
  "name": "AwesomeBlogsBuilder",
  "version": "1.0.0",
  "lockfileVersion": 1,
  "requires": true,
  "dependencies": {
    "axios": {
      "version": "0.21.1",
      "resolved": "https://registry.npm.taobao.org/axios/download/axios-0.21.1.tgz",
      "integrity": "sha1-IlY0gZYvTWvemnbVFu8OXTwJsrg=",
      "requires": {
        "follow-redirects": "^1.10.0"
      }
    },
    "follow-redirects": {
      "version": "1.13.2",
      "resolved": "https://registry.npm.taobao.org/follow-redirects/download/follow-redirects-1.13.2.tgz?cache=0&other_urls=https%3A%2F%2Fregistry.npm.taobao.org%2Ffollow-redirects%2Fdownload%2Ffollow-redirects-1.13.2.tgz",
      "integrity": "sha1-3XPI7/wScoulz0JZ12DqX7g+MUc="
    },
    "indento": {
      "version": "1.1.13",
      "resolved": "https://registry.npm.taobao.org/indento/download/indento-1.1.13.tgz",
      "integrity": "sha1-dRMxsyfAR0Dut75AxWBubiVcnjY="
    },
    "json2md": {
      "version": "1.9.1",
      "resolved": "https://registry.npm.taobao.org/json2md/download/json2md-1.9.1.tgz",
      "integrity": "sha1-2RF/vgrshlbJNu3MNqJRtuKnoBc=",
      "requires": {
        "indento": "^1.1.7"
      }
    },
    "lodash": {
      "version": "4.17.20",
      "resolved": "https://registry.npm.taobao.org/lodash/download/lodash-4.17.20.tgz?cache=0&sync_timestamp=1597336147792&other_urls=https%3A%2F%2Fregistry.npm.taobao.org%2Flodash%2Fdownload%2Flodash-4.17.20.tgz",
      "integrity": "sha1-tEqbYpe8tpjxxRo1RaKzs2jVnFI="
    }
  }
}
